// !$*UTF8*$!
{
	archiveVersion = 1;
	classes = {
	};
	objectVersion = 46;
	objects = {

/* Begin PBXBuildFile section */
		1176EAE9A037E9E551D8C36E /* Pods_XLsn0wKit_swift.framework in Frameworks */ = {isa = PBXBuildFile; fileRef = 6BA893ABBBA53C2801232211 /* Pods_XLsn0wKit_swift.framework */; };
		3536A96B1ED66BF200CD64F2 /* AppDelegate.swift in Sources */ = {isa = PBXBuildFile; fileRef = 3536A96A1ED66BF200CD64F2 /* AppDelegate.swift */; };
		3536A96D1ED66BF200CD64F2 /* ViewController.swift in Sources */ = {isa = PBXBuildFile; fileRef = 3536A96C1ED66BF200CD64F2 /* ViewController.swift */; };
		3536A9701ED66BF200CD64F2 /* Main.storyboard in Resources */ = {isa = PBXBuildFile; fileRef = 3536A96E1ED66BF200CD64F2 /* Main.storyboard */; };
		3536A9721ED66BF200CD64F2 /* Assets.xcassets in Resources */ = {isa = PBXBuildFile; fileRef = 3536A9711ED66BF200CD64F2 /* Assets.xcassets */; };
		3536A9751ED66BF200CD64F2 /* LaunchScreen.storyboard in Resources */ = {isa = PBXBuildFile; fileRef = 3536A9731ED66BF200CD64F2 /* LaunchScreen.storyboard */; };
		3536A9B71ED66C0200CD64F2 /* Array+Extension.swift in Sources */ = {isa = PBXBuildFile; fileRef = 3536A9841ED66C0200CD64F2 /* Array+Extension.swift */; };
		3536A9B81ED66C0200CD64F2 /* FileManager+Extension.swift in Sources */ = {isa = PBXBuildFile; fileRef = 3536A9851ED66C0200CD64F2 /* FileManager+Extension.swift */; };
		3536A9B91ED66C0200CD64F2 /* NotificationName+Extension.swift in Sources */ = {isa = PBXBuildFile; fileRef = 3536A9861ED66C0200CD64F2 /* NotificationName+Extension.swift */; };
		3536A9BA1ED66C0200CD64F2 /* String+Extension.swift in Sources */ = {isa = PBXBuildFile; fileRef = 3536A9871ED66C0200CD64F2 /* String+Extension.swift */; };
		3536A9BB1ED66C0200CD64F2 /* UIApplication+Extension.swift in Sources */ = {isa = PBXBuildFile; fileRef = 3536A9881ED66C0200CD64F2 /* UIApplication+Extension.swift */; };
		3536A9BC1ED66C0200CD64F2 /* UIBarButtonItem+Extension.swift in Sources */ = {isa = PBXBuildFile; fileRef = 3536A9891ED66C0200CD64F2 /* UIBarButtonItem+Extension.swift */; };
		3536A9BD1ED66C0200CD64F2 /* UIColor+Extension.swift in Sources */ = {isa = PBXBuildFile; fileRef = 3536A98A1ED66C0200CD64F2 /* UIColor+Extension.swift */; };
		3536A9BE1ED66C0200CD64F2 /* UIColor-Extension.swift in Sources */ = {isa = PBXBuildFile; fileRef = 3536A98B1ED66C0200CD64F2 /* UIColor-Extension.swift */; };
		3536A9BF1ED66C0200CD64F2 /* UIColorHex.swift in Sources */ = {isa = PBXBuildFile; fileRef = 3536A98C1ED66C0200CD64F2 /* UIColorHex.swift */; };
		3536A9C01ED66C0200CD64F2 /* UIImage+Extension.swift in Sources */ = {isa = PBXBuildFile; fileRef = 3536A98D1ED66C0200CD64F2 /* UIImage+Extension.swift */; };
		3536A9C11ED66C0200CD64F2 /* UISearchBar+Extension.swift in Sources */ = {isa = PBXBuildFile; fileRef = 3536A98E1ED66C0200CD64F2 /* UISearchBar+Extension.swift */; };
		3536A9C21ED66C0200CD64F2 /* UIView+Event.swift in Sources */ = {isa = PBXBuildFile; fileRef = 3536A98F1ED66C0200CD64F2 /* UIView+Event.swift */; };
		3536A9C31ED66C0200CD64F2 /* UIViewFrame+Extension.swift in Sources */ = {isa = PBXBuildFile; fileRef = 3536A9901ED66C0200CD64F2 /* UIViewFrame+Extension.swift */; };
		3536A9C41ED66C0200CD64F2 /* UIWindow+Extension.swift in Sources */ = {isa = PBXBuildFile; fileRef = 3536A9911ED66C0200CD64F2 /* UIWindow+Extension.swift */; };
		3536A9CF1ED66C0200CD64F2 /* XLsn0wMacro.swift in Sources */ = {isa = PBXBuildFile; fileRef = 3536A99F1ED66C0200CD64F2 /* XLsn0wMacro.swift */; };
		3536A9D01ED66C0200CD64F2 /* WRApiContainer.swift in Sources */ = {isa = PBXBuildFile; fileRef = 3536A9A11ED66C0200CD64F2 /* WRApiContainer.swift */; };
		3536A9D11ED66C0200CD64F2 /* WRNetWrapper.swift in Sources */ = {isa = PBXBuildFile; fileRef = 3536A9A21ED66C0200CD64F2 /* WRNetWrapper.swift */; };
		3536A9D21ED66C0200CD64F2 /* XLsn0wNetwork.swift in Sources */ = {isa = PBXBuildFile; fileRef = 3536A9A31ED66C0200CD64F2 /* XLsn0wNetwork.swift */; };
		3536A9D91ED66C0200CD64F2 /* ToastCenter.swift in Sources */ = {isa = PBXBuildFile; fileRef = 3536A9AC1ED66C0200CD64F2 /* ToastCenter.swift */; };
		3536A9DA1ED66C0200CD64F2 /* ToastView.swift in Sources */ = {isa = PBXBuildFile; fileRef = 3536A9AD1ED66C0200CD64F2 /* ToastView.swift */; };
		3536A9DB1ED66C0200CD64F2 /* ToastWindow.swift in Sources */ = {isa = PBXBuildFile; fileRef = 3536A9AE1ED66C0200CD64F2 /* ToastWindow.swift */; };
		3536A9DC1ED66C0200CD64F2 /* XLsn0wToast.swift in Sources */ = {isa = PBXBuildFile; fileRef = 3536A9AF1ED66C0200CD64F2 /* XLsn0wToast.swift */; };
		3536A9DD1ED66C0200CD64F2 /* XLsn0wViewController.swift in Sources */ = {isa = PBXBuildFile; fileRef = 3536A9B11ED66C0200CD64F2 /* XLsn0wViewController.swift */; };
		3536A9E41ED66C9500CD64F2 /* XLsn0wKit_swift.podspec in Resources */ = {isa = PBXBuildFile; fileRef = 3536A9E31ED66C9500CD64F2 /* XLsn0wKit_swift.podspec */; };
		3536A9E71ED66CF900CD64F2 /* XLsn0wLog.swift in Sources */ = {isa = PBXBuildFile; fileRef = 3536A9E61ED66CF900CD64F2 /* XLsn0wLog.swift */; };
/* End PBXBuildFile section */

/* Begin PBXFileReference section */
		3536A9671ED66BF200CD64F2 /* XLsn0wKit_swift.app */ = {isa = PBXFileReference; explicitFileType = wrapper.application; includeInIndex = 0; path = XLsn0wKit_swift.app; sourceTree = BUILT_PRODUCTS_DIR; };
		3536A96A1ED66BF200CD64F2 /* AppDelegate.swift */ = {isa = PBXFileReference; lastKnownFileType = sourcecode.swift; path = AppDelegate.swift; sourceTree = "<group>"; };
		3536A96C1ED66BF200CD64F2 /* ViewController.swift */ = {isa = PBXFileReference; lastKnownFileType = sourcecode.swift; path = ViewController.swift; sourceTree = "<group>"; };
		3536A96F1ED66BF200CD64F2 /* Base */ = {isa = PBXFileReference; lastKnownFileType = file.storyboard; name = Base; path = Base.lproj/Main.storyboard; sourceTree = "<group>"; };
		3536A9711ED66BF200CD64F2 /* Assets.xcassets */ = {isa = PBXFileReference; lastKnownFileType = folder.assetcatalog; path = Assets.xcassets; sourceTree = "<group>"; };
		3536A9741ED66BF200CD64F2 /* Base */ = {isa = PBXFileReference; lastKnownFileType = file.storyboard; name = Base; path = Base.lproj/LaunchScreen.storyboard; sourceTree = "<group>"; };
		3536A9761ED66BF200CD64F2 /* Info.plist */ = {isa = PBXFileReference; lastKnownFileType = text.plist.xml; path = Info.plist; sourceTree = "<group>"; };
		3536A9841ED66C0200CD64F2 /* Array+Extension.swift */ = {isa = PBXFileReference; fileEncoding = 4; lastKnownFileType = sourcecode.swift; path = "Array+Extension.swift"; sourceTree = "<group>"; };
		3536A9851ED66C0200CD64F2 /* FileManager+Extension.swift */ = {isa = PBXFileReference; fileEncoding = 4; lastKnownFileType = sourcecode.swift; path = "FileManager+Extension.swift"; sourceTree = "<group>"; };
		3536A9861ED66C0200CD64F2 /* NotificationName+Extension.swift */ = {isa = PBXFileReference; fileEncoding = 4; lastKnownFileType = sourcecode.swift; path = "NotificationName+Extension.swift"; sourceTree = "<group>"; };
		3536A9871ED66C0200CD64F2 /* String+Extension.swift */ = {isa = PBXFileReference; fileEncoding = 4; lastKnownFileType = sourcecode.swift; path = "String+Extension.swift"; sourceTree = "<group>"; };
		3536A9881ED66C0200CD64F2 /* UIApplication+Extension.swift */ = {isa = PBXFileReference; fileEncoding = 4; lastKnownFileType = sourcecode.swift; path = "UIApplication+Extension.swift"; sourceTree = "<group>"; };
		3536A9891ED66C0200CD64F2 /* UIBarButtonItem+Extension.swift */ = {isa = PBXFileReference; fileEncoding = 4; lastKnownFileType = sourcecode.swift; path = "UIBarButtonItem+Extension.swift"; sourceTree = "<group>"; };
		3536A98A1ED66C0200CD64F2 /* UIColor+Extension.swift */ = {isa = PBXFileReference; fileEncoding = 4; lastKnownFileType = sourcecode.swift; path = "UIColor+Extension.swift"; sourceTree = "<group>"; };
		3536A98B1ED66C0200CD64F2 /* UIColor-Extension.swift */ = {isa = PBXFileReference; fileEncoding = 4; lastKnownFileType = sourcecode.swift; path = "UIColor-Extension.swift"; sourceTree = "<group>"; };
		3536A98C1ED66C0200CD64F2 /* UIColorHex.swift */ = {isa = PBXFileReference; fileEncoding = 4; lastKnownFileType = sourcecode.swift; path = UIColorHex.swift; sourceTree = "<group>"; };
		3536A98D1ED66C0200CD64F2 /* UIImage+Extension.swift */ = {isa = PBXFileReference; fileEncoding = 4; lastKnownFileType = sourcecode.swift; path = "UIImage+Extension.swift"; sourceTree = "<group>"; };
		3536A98E1ED66C0200CD64F2 /* UISearchBar+Extension.swift */ = {isa = PBXFileReference; fileEncoding = 4; lastKnownFileType = sourcecode.swift; path = "UISearchBar+Extension.swift"; sourceTree = "<group>"; };
		3536A98F1ED66C0200CD64F2 /* UIView+Event.swift */ = {isa = PBXFileReference; fileEncoding = 4; lastKnownFileType = sourcecode.swift; path = "UIView+Event.swift"; sourceTree = "<group>"; };
		3536A9901ED66C0200CD64F2 /* UIViewFrame+Extension.swift */ = {isa = PBXFileReference; fileEncoding = 4; lastKnownFileType = sourcecode.swift; path = "UIViewFrame+Extension.swift"; sourceTree = "<group>"; };
		3536A9911ED66C0200CD64F2 /* UIWindow+Extension.swift */ = {isa = PBXFileReference; fileEncoding = 4; lastKnownFileType = sourcecode.swift; path = "UIWindow+Extension.swift"; sourceTree = "<group>"; };
		3536A99F1ED66C0200CD64F2 /* XLsn0wMacro.swift */ = {isa = PBXFileReference; fileEncoding = 4; lastKnownFileType = sourcecode.swift; path = XLsn0wMacro.swift; sourceTree = "<group>"; };
		3536A9A11ED66C0200CD64F2 /* WRApiContainer.swift */ = {isa = PBXFileReference; fileEncoding = 4; lastKnownFileType = sourcecode.swift; path = WRApiContainer.swift; sourceTree = "<group>"; };
		3536A9A21ED66C0200CD64F2 /* WRNetWrapper.swift */ = {isa = PBXFileReference; fileEncoding = 4; lastKnownFileType = sourcecode.swift; path = WRNetWrapper.swift; sourceTree = "<group>"; };
		3536A9A31ED66C0200CD64F2 /* XLsn0wNetwork.swift */ = {isa = PBXFileReference; fileEncoding = 4; lastKnownFileType = sourcecode.swift; path = XLsn0wNetwork.swift; sourceTree = "<group>"; };
		3536A9AC1ED66C0200CD64F2 /* ToastCenter.swift */ = {isa = PBXFileReference; fileEncoding = 4; lastKnownFileType = sourcecode.swift; path = ToastCenter.swift; sourceTree = "<group>"; };
		3536A9AD1ED66C0200CD64F2 /* ToastView.swift */ = {isa = PBXFileReference; fileEncoding = 4; lastKnownFileType = sourcecode.swift; path = ToastView.swift; sourceTree = "<group>"; };
		3536A9AE1ED66C0200CD64F2 /* ToastWindow.swift */ = {isa = PBXFileReference; fileEncoding = 4; lastKnownFileType = sourcecode.swift; path = ToastWindow.swift; sourceTree = "<group>"; };
		3536A9AF1ED66C0200CD64F2 /* XLsn0wToast.swift */ = {isa = PBXFileReference; fileEncoding = 4; lastKnownFileType = sourcecode.swift; path = XLsn0wToast.swift; sourceTree = "<group>"; };
		3536A9B11ED66C0200CD64F2 /* XLsn0wViewController.swift */ = {isa = PBXFileReference; fileEncoding = 4; lastKnownFileType = sourcecode.swift; path = XLsn0wViewController.swift; sourceTree = "<group>"; };
		3536A9E31ED66C9500CD64F2 /* XLsn0wKit_swift.podspec */ = {isa = PBXFileReference; fileEncoding = 4; lastKnownFileType = text; path = XLsn0wKit_swift.podspec; sourceTree = "<group>"; };
		3536A9E61ED66CF900CD64F2 /* XLsn0wLog.swift */ = {isa = PBXFileReference; fileEncoding = 4; lastKnownFileType = sourcecode.swift; path = XLsn0wLog.swift; sourceTree = "<group>"; };
		6BA893ABBBA53C2801232211 /* Pods_XLsn0wKit_swift.framework */ = {isa = PBXFileReference; explicitFileType = wrapper.framework; includeInIndex = 0; path = Pods_XLsn0wKit_swift.framework; sourceTree = BUILT_PRODUCTS_DIR; };
		973EABE6B0284C8D2A5B4361 /* Pods-XLsn0wKit_swift.debug.xcconfig */ = {isa = PBXFileReference; includeInIndex = 1; lastKnownFileType = text.xcconfig; name = "Pods-XLsn0wKit_swift.debug.xcconfig"; path = "Pods/Target Support Files/Pods-XLsn0wKit_swift/Pods-XLsn0wKit_swift.debug.xcconfig"; sourceTree = "<group>"; };
		BCFEC8B19F498DE5C6EEC57C /* Pods-XLsn0wKit_swift.release.xcconfig */ = {isa = PBXFileReference; includeInIndex = 1; lastKnownFileType = text.xcconfig; name = "Pods-XLsn0wKit_swift.release.xcconfig"; path = "Pods/Target Support Files/Pods-XLsn0wKit_swift/Pods-XLsn0wKit_swift.release.xcconfig"; sourceTree = "<group>"; };
/* End PBXFileReference section */

/* Begin PBXFrameworksBuildPhase section */
		3536A9641ED66BF200CD64F2 /* Frameworks */ = {
			isa = PBXFrameworksBuildPhase;
			buildActionMask = 2147483647;
			files = (
				1176EAE9A037E9E551D8C36E /* Pods_XLsn0wKit_swift.framework in Frameworks */,
			);
			runOnlyForDeploymentPostprocessing = 0;
		};
/* End PBXFrameworksBuildPhase section */

/* Begin PBXGroup section */
		3536A95E1ED66BF200CD64F2 = {
			isa = PBXGroup;
			children = (
				3536A97C1ED66C0200CD64F2 /* XLsn0wKit */,
				3536A9691ED66BF200CD64F2 /* XLsn0wKit_swift */,
				3536A9681ED66BF200CD64F2 /* Products */,
				6A7939163A064D99271B056C /* Pods */,
				9297114F79676A33E950D0D8 /* Frameworks */,
			);
			sourceTree = "<group>";
		};
		3536A9681ED66BF200CD64F2 /* Products */ = {
			isa = PBXGroup;
			children = (
				3536A9671ED66BF200CD64F2 /* XLsn0wKit_swift.app */,
			);
			name = Products;
			sourceTree = "<group>";
		};
		3536A9691ED66BF200CD64F2 /* XLsn0wKit_swift */ = {
			isa = PBXGroup;
			children = (
				3536A96A1ED66BF200CD64F2 /* AppDelegate.swift */,
				3536A96C1ED66BF200CD64F2 /* ViewController.swift */,
				3536A96E1ED66BF200CD64F2 /* Main.storyboard */,
				3536A9711ED66BF200CD64F2 /* Assets.xcassets */,
				3536A9731ED66BF200CD64F2 /* LaunchScreen.storyboard */,
				3536A9761ED66BF200CD64F2 /* Info.plist */,
			);
			path = XLsn0wKit_swift;
			sourceTree = "<group>";
		};
		3536A97C1ED66C0200CD64F2 /* XLsn0wKit */ = {
			isa = PBXGroup;
			children = (
				3536A9E31ED66C9500CD64F2 /* XLsn0wKit_swift.podspec */,
				3536A9E51ED66CF900CD64F2 /* XLsn0wLog */,
				3536A9831ED66C0200CD64F2 /* Extension */,
				3536A99E1ED66C0200CD64F2 /* XLsn0wMacro */,
				3536A9A01ED66C0200CD64F2 /* XLsn0wNetwork */,
				3536A9AB1ED66C0200CD64F2 /* XLsn0wToast */,
				3536A9B01ED66C0200CD64F2 /* XLsn0wViewController */,
			);
			path = XLsn0wKit;
			sourceTree = "<group>";
		};
		3536A9831ED66C0200CD64F2 /* Extension */ = {
			isa = PBXGroup;
			children = (
				3536A9841ED66C0200CD64F2 /* Array+Extension.swift */,
				3536A9851ED66C0200CD64F2 /* FileManager+Extension.swift */,
				3536A9861ED66C0200CD64F2 /* NotificationName+Extension.swift */,
				3536A9871ED66C0200CD64F2 /* String+Extension.swift */,
				3536A9881ED66C0200CD64F2 /* UIApplication+Extension.swift */,
				3536A9891ED66C0200CD64F2 /* UIBarButtonItem+Extension.swift */,
				3536A98A1ED66C0200CD64F2 /* UIColor+Extension.swift */,
				3536A98B1ED66C0200CD64F2 /* UIColor-Extension.swift */,
				3536A98C1ED66C0200CD64F2 /* UIColorHex.swift */,
				3536A98D1ED66C0200CD64F2 /* UIImage+Extension.swift */,
				3536A98E1ED66C0200CD64F2 /* UISearchBar+Extension.swift */,
				3536A98F1ED66C0200CD64F2 /* UIView+Event.swift */,
				3536A9901ED66C0200CD64F2 /* UIViewFrame+Extension.swift */,
				3536A9911ED66C0200CD64F2 /* UIWindow+Extension.swift */,
			);
			path = Extension;
			sourceTree = "<group>";
		};
		3536A99E1ED66C0200CD64F2 /* XLsn0wMacro */ = {
			isa = PBXGroup;
			children = (
				3536A99F1ED66C0200CD64F2 /* XLsn0wMacro.swift */,
			);
			path = XLsn0wMacro;
			sourceTree = "<group>";
		};
		3536A9A01ED66C0200CD64F2 /* XLsn0wNetwork */ = {
			isa = PBXGroup;
			children = (
				3536A9A11ED66C0200CD64F2 /* WRApiContainer.swift */,
				3536A9A21ED66C0200CD64F2 /* WRNetWrapper.swift */,
				3536A9A31ED66C0200CD64F2 /* XLsn0wNetwork.swift */,
			);
			path = XLsn0wNetwork;
			sourceTree = "<group>";
		};
		3536A9AB1ED66C0200CD64F2 /* XLsn0wToast */ = {
			isa = PBXGroup;
			children = (
				3536A9AC1ED66C0200CD64F2 /* ToastCenter.swift */,
				3536A9AD1ED66C0200CD64F2 /* ToastView.swift */,
				3536A9AE1ED66C0200CD64F2 /* ToastWindow.swift */,
				3536A9AF1ED66C0200CD64F2 /* XLsn0wToast.swift */,
			);
			path = XLsn0wToast;
			sourceTree = "<group>";
		};
		3536A9B01ED66C0200CD64F2 /* XLsn0wViewController */ = {
			isa = PBXGroup;
			children = (
				3536A9B11ED66C0200CD64F2 /* XLsn0wViewController.swift */,
			);
			path = XLsn0wViewController;
			sourceTree = "<group>";
		};
		3536A9E51ED66CF900CD64F2 /* XLsn0wLog */ = {
			isa = PBXGroup;
			children = (
				3536A9E61ED66CF900CD64F2 /* XLsn0wLog.swift */,
			);
			path = XLsn0wLog;
			sourceTree = "<group>";
		};
		6A7939163A064D99271B056C /* Pods */ = {
			isa = PBXGroup;
			children = (
				973EABE6B0284C8D2A5B4361 /* Pods-XLsn0wKit_swift.debug.xcconfig */,
				BCFEC8B19F498DE5C6EEC57C /* Pods-XLsn0wKit_swift.release.xcconfig */,
			);
			name = Pods;
			sourceTree = "<group>";
		};
		9297114F79676A33E950D0D8 /* Frameworks */ = {
			isa = PBXGroup;
			children = (
				6BA893ABBBA53C2801232211 /* Pods_XLsn0wKit_swift.framework */,
			);
			name = Frameworks;
			sourceTree = "<group>";
		};
/* End PBXGroup section */

/* Begin PBXNativeTarget section */
		3536A9661ED66BF200CD64F2 /* XLsn0wKit_swift */ = {
			isa = PBXNativeTarget;
			buildConfigurationList = 3536A9791ED66BF200CD64F2 /* Build configuration list for PBXNativeTarget "XLsn0wKit_swift" */;
			buildPhases = (
				4C545CA099419866BEB948F7 /* [CP] Check Pods Manifest.lock */,
				3536A9631ED66BF200CD64F2 /* Sources */,
				3536A9641ED66BF200CD64F2 /* Frameworks */,
				3536A9651ED66BF200CD64F2 /* Resources */,
				2685D7FA1AB213F4EF788403 /* [CP] Embed Pods Frameworks */,
				EDBCED20262E76EB965F6060 /* [CP] Copy Pods Resources */,
			);
			buildRules = (
			);
			dependencies = (
			);
			name = XLsn0wKit_swift;
			productName = XLsn0wKit_swift;
			productReference = 3536A9671ED66BF200CD64F2 /* XLsn0wKit_swift.app */;
			productType = "com.apple.product-type.application";
		};
/* End PBXNativeTarget section */

/* Begin PBXProject section */
		3536A95F1ED66BF200CD64F2 /* Project object */ = {
			isa = PBXProject;
			attributes = {
				LastSwiftUpdateCheck = 0830;
				LastUpgradeCheck = 0830;
				ORGANIZATIONNAME = XLsn0w;
				TargetAttributes = {
					3536A9661ED66BF200CD64F2 = {
						CreatedOnToolsVersion = 8.3.2;
						ProvisioningStyle = Automatic;
					};
				};
			};
			buildConfigurationList = 3536A9621ED66BF200CD64F2 /* Build configuration list for PBXProject "XLsn0wKit_swift" */;
			compatibilityVersion = "Xcode 3.2";
			developmentRegion = English;
			hasScannedForEncodings = 0;
			knownRegions = (
				en,
				Base,
			);
			mainGroup = 3536A95E1ED66BF200CD64F2;
			productRefGroup = 3536A9681ED66BF200CD64F2 /* Products */;
			projectDirPath = "";
			projectRoot = "";
			targets = (
				3536A9661ED66BF200CD64F2 /* XLsn0wKit_swift */,
			);
		};
/* End PBXProject section */

/* Begin PBXResourcesBuildPhase section */
		3536A9651ED66BF200CD64F2 /* Resources */ = {
			isa = PBXResourcesBuildPhase;
			buildActionMask = 2147483647;
			files = (
				3536A9751ED66BF200CD64F2 /* LaunchScreen.storyboard in Resources */,
				3536A9721ED66BF200CD64F2 /* Assets.xcassets in Resources */,
				3536A9701ED66BF200CD64F2 /* Main.storyboard in Resources */,
				3536A9E41ED66C9500CD64F2 /* XLsn0wKit_swift.podspec in Resources */,
			);
			runOnlyForDeploymentPostprocessing = 0;
		};
/* End PBXResourcesBuildPhase section */

/* Begin PBXShellScriptBuildPhase section */
		2685D7FA1AB213F4EF788403 /* [CP] Embed Pods Frameworks */ = {
			isa = PBXShellScriptBuildPhase;
			buildActionMask = 2147483647;
			files = (
			);
			inputPaths = (
			);
			name = "[CP] Embed Pods Frameworks";
			outputPaths = (
			);
			runOnlyForDeploymentPostprocessing = 0;
			shellPath = /bin/sh;
			shellScript = "\"${SRCROOT}/Pods/Target Support Files/Pods-XLsn0wKit_swift/Pods-XLsn0wKit_swift-frameworks.sh\"\n";
			showEnvVarsInLog = 0;
		};
		4C545CA099419866BEB948F7 /* [CP] Check Pods Manifest.lock */ = {
			isa = PBXShellScriptBuildPhase;
			buildActionMask = 2147483647;
			files = (
			);
			inputPaths = (
			);
			name = "[CP] Check Pods Manifest.lock";
			outputPaths = (
			);
			runOnlyForDeploymentPostprocessing = 0;
			shellPath = /bin/sh;
			shellScript = "diff \"${PODS_ROOT}/../Podfile.lock\" \"${PODS_ROOT}/Manifest.lock\" > /dev/null\nif [ $? != 0 ] ; then\n    # print error to STDERR\n    echo \"error: The sandbox is not in sync with the Podfile.lock. Run 'pod install' or update your CocoaPods installation.\" >&2\n    exit 1\nfi\n";
			showEnvVarsInLog = 0;
		};
		EDBCED20262E76EB965F6060 /* [CP] Copy Pods Resources */ = {
			isa = PBXShellScriptBuildPhase;
			buildActionMask = 2147483647;
			files = (
			);
			inputPaths = (
			);
			name = "[CP] Copy Pods Resources";
			outputPaths = (
			);
			runOnlyForDeploymentPostprocessing = 0;
			shellPath = /bin/sh;
			shellScript = "\"${SRCROOT}/Pods/Target Support Files/Pods-XLsn0wKit_swift/Pods-XLsn0wKit_swift-resources.sh\"\n";
			showEnvVarsInLog = 0;
		};
/* End PBXShellScriptBuildPhase section */

/* Begin PBXSourcesBuildPhase section */
		3536A9631ED66BF200CD64F2 /* Sources */ = {
			isa = PBXSourcesBuildPhase;
			buildActionMask = 2147483647;
			files = (
				3536A9B91ED66C0200CD64F2 /* NotificationName+Extension.swift in Sources */,
				3536A9BE1ED66C0200CD64F2 /* UIColor-Extension.swift in Sources */,
				3536A9C41ED66C0200CD64F2 /* UIWindow+Extension.swift in Sources */,
				3536A9DB1ED66C0200CD64F2 /* ToastWindow.swift in Sources */,
				3536A9BA1ED66C0200CD64F2 /* String+Extension.swift in Sources */,
				3536A96D1ED66BF200CD64F2 /* ViewController.swift in Sources */,
				3536A9CF1ED66C0200CD64F2 /* XLsn0wMacro.swift in Sources */,
				3536A9D01ED66C0200CD64F2 /* WRApiContainer.swift in Sources */,
				3536A9D11ED66C0200CD64F2 /* WRNetWrapper.swift in Sources */,
				3536A9D91ED66C0200CD64F2 /* ToastCenter.swift in Sources */,
				3536A9C31ED66C0200CD64F2 /* UIViewFrame+Extension.swift in Sources */,
				3536A9C21ED66C0200CD64F2 /* UIView+Event.swift in Sources */,
				3536A9DD1ED66C0200CD64F2 /* XLsn0wViewController.swift in Sources */,
				3536A9DC1ED66C0200CD64F2 /* XLsn0wToast.swift in Sources */,
				3536A9BD1ED66C0200CD64F2 /* UIColor+Extension.swift in Sources */,
				3536A9C11ED66C0200CD64F2 /* UISearchBar+Extension.swift in Sources */,
				3536A9E71ED66CF900CD64F2 /* XLsn0wLog.swift in Sources */,
				3536A96B1ED66BF200CD64F2 /* AppDelegate.swift in Sources */,
				3536A9B71ED66C0200CD64F2 /* Array+Extension.swift in Sources */,
				3536A9C01ED66C0200CD64F2 /* UIImage+Extension.swift in Sources */,
				3536A9DA1ED66C0200CD64F2 /* ToastView.swift in Sources */,
				3536A9BB1ED66C0200CD64F2 /* UIApplication+Extension.swift in Sources */,
				3536A9D21ED66C0200CD64F2 /* XLsn0wNetwork.swift in Sources */,
				3536A9BF1ED66C0200CD64F2 /* UIColorHex.swift in Sources */,
				3536A9B81ED66C0200CD64F2 /* FileManager+Extension.swift in Sources */,
				3536A9BC1ED66C0200CD64F2 /* UIBarButtonItem+Extension.swift in Sources */,
			);
			runOnlyForDeploymentPostprocessing = 0;
		};
/* End PBXSourcesBuildPhase section */

/* Begin PBXVariantGroup section */
		3536A96E1ED66BF200CD64F2 /* Main.storyboard */ = {
			isa = PBXVariantGroup;
			children = (
				3536A96F1ED66BF200CD64F2 /* Base */,
			);
			name = Main.storyboard;
			sourceTree = "<group>";
		};
		3536A9731ED66BF200CD64F2 /* LaunchScreen.storyboard */ = {
			isa = PBXVariantGroup;
			children = (
				3536A9741ED66BF200CD64F2 /* Base */,
			);
			name = LaunchScreen.storyboard;
			sourceTree = "<group>";
		};
/* End PBXVariantGroup section */

/* Begin XCBuildConfiguration section */
		3536A9771ED66BF200CD64F2 /* Debug */ = {
			isa = XCBuildConfiguration;
			buildSettings = {
				ALWAYS_SEARCH_USER_PATHS = NO;
				CLANG_ANALYZER_NONNULL = YES;
				CLANG_ANALYZER_NUMBER_OBJECT_CONVERSION = YES_AGGRESSIVE;
				CLANG_CXX_LANGUAGE_STANDARD = "gnu++0x";
				CLANG_CXX_LIBRARY = "libc++";
				CLANG_ENABLE_MODULES = YES;
				CLANG_ENABLE_OBJC_ARC = YES;
				CLANG_WARN_BOOL_CONVERSION = YES;
				CLANG_WARN_CONSTANT_CONVERSION = YES;
				CLANG_WARN_DIRECT_OBJC_ISA_USAGE = YES_ERROR;
				CLANG_WARN_DOCUMENTATION_COMMENTS = YES;
				CLANG_WARN_EMPTY_BODY = YES;
				CLANG_WARN_ENUM_CONVERSION = YES;
				CLANG_WARN_INFINITE_RECURSION = YES;
				CLANG_WARN_INT_CONVERSION = YES;
				CLANG_WARN_OBJC_ROOT_CLASS = YES_ERROR;
				CLANG_WARN_SUSPICIOUS_MOVE = YES;
				CLANG_WARN_UNREACHABLE_CODE = YES;
				CLANG_WARN__DUPLICATE_METHOD_MATCH = YES;
				"CODE_SIGN_IDENTITY[sdk=iphoneos*]" = "iPhone Developer";
				COPY_PHASE_STRIP = NO;
				DEBUG_INFORMATION_FORMAT = dwarf;
				ENABLE_STRICT_OBJC_MSGSEND = YES;
				ENABLE_TESTABILITY = YES;
				GCC_C_LANGUAGE_STANDARD = gnu99;
				GCC_DYNAMIC_NO_PIC = NO;
				GCC_NO_COMMON_BLOCKS = YES;
				GCC_OPTIMIZATION_LEVEL = 0;
				GCC_PREPROCESSOR_DEFINITIONS = (
					"DEBUG=1",
					"$(inherited)",
				);
				GCC_WARN_64_TO_32_BIT_CONVERSION = YES;
				GCC_WARN_ABOUT_RETURN_TYPE = YES_ERROR;
				GCC_WARN_UNDECLARED_SELECTOR = YES;
				GCC_WARN_UNINITIALIZED_AUTOS = YES_AGGRESSIVE;
				GCC_WARN_UNUSED_FUNCTION = YES;
				GCC_WARN_UNUSED_VARIABLE = YES;
				IPHONEOS_DEPLOYMENT_TARGET = 10.3;
				MTL_ENABLE_DEBUG_INFO = YES;
				ONLY_ACTIVE_ARCH = YES;
				SDKROOT = iphoneos;
				SWIFT_ACTIVE_COMPILATION_CONDITIONS = DEBUG;
				SWIFT_OPTIMIZATION_LEVEL = "-Onone";
			};
			name = Debug;
		};
		3536A9781ED66BF200CD64F2 /* Release */ = {
			isa = XCBuildConfiguration;
			buildSettings = {
				ALWAYS_SEARCH_USER_PATHS = NO;
				CLANG_ANALYZER_NONNULL = YES;
				CLANG_ANALYZER_NUMBER_OBJECT_CONVERSION = YES_AGGRESSIVE;
				CLANG_CXX_LANGUAGE_STANDARD = "gnu++0x";
				CLANG_CXX_LIBRARY = "libc++";
				CLANG_ENABLE_MODULES = YES;
				CLANG_ENABLE_OBJC_ARC = YES;
				CLANG_WARN_BOOL_CONVERSION = YES;
				CLANG_WARN_CONSTANT_CONVERSION = YES;
				CLANG_WARN_DIRECT_OBJC_ISA_USAGE = YES_ERROR;
				CLANG_WARN_DOCUMENTATION_COMMENTS = YES;
				CLANG_WARN_EMPTY_BODY = YES;
				CLANG_WARN_ENUM_CONVERSION = YES;
				CLANG_WARN_INFINITE_RECURSION = YES;
				CLANG_WARN_INT_CONVERSION = YES;
				CLANG_WARN_OBJC_ROOT_CLASS = YES_ERROR;
				CLANG_WARN_SUSPICIOUS_MOVE = YES;
				CLANG_WARN_UNREACHABLE_CODE = YES;
				CLANG_WARN__DUPLICATE_METHOD_MATCH = YES;
				"CODE_SIGN_IDENTITY[sdk=iphoneos*]" = "iPhone Developer";
				COPY_PHASE_STRIP = NO;
				DEBUG_INFORMATION_FORMAT = "dwarf-with-dsym";
				ENABLE_NS_ASSERTIONS = NO;
				ENABLE_STRICT_OBJC_MSGSEND = YES;
				GCC_C_LANGUAGE_STANDARD = gnu99;
				GCC_NO_COMMON_BLOCKS = YES;
				GCC_WARN_64_TO_32_BIT_CONVERSION = YES;
				GCC_WARN_ABOUT_RETURN_TYPE = YES_ERROR;
				GCC_WARN_UNDECLARED_SELECTOR = YES;
				GCC_WARN_UNINITIALIZED_AUTOS = YES_AGGRESSIVE;
				GCC_WARN_UNUSED_FUNCTION = YES;
				GCC_WARN_UNUSED_VARIABLE = YES;
				IPHONEOS_DEPLOYMENT_TARGET = 10.3;
				MTL_ENABLE_DEBUG_INFO = NO;
				SDKROOT = iphoneos;
				SWIFT_OPTIMIZATION_LEVEL = "-Owholemodule";
				VALIDATE_PRODUCT = YES;
			};
			name = Release;
		};
		3536A97A1ED66BF200CD64F2 /* Debug */ = {
			isa = XCBuildConfiguration;
			baseConfigurationReference = 973EABE6B0284C8D2A5B4361 /* Pods-XLsn0wKit_swift.debug.xcconfig */;
			buildSettings = {
				ASSETCATALOG_COMPILER_APPICON_NAME = AppIcon;
				INFOPLIST_FILE = XLsn0wKit_swift/Info.plist;
				IPHONEOS_DEPLOYMENT_TARGET = 8.0;
				LD_RUNPATH_SEARCH_PATHS = "$(inherited) @executable_path/Frameworks";
				PRODUCT_BUNDLE_IDENTIFIER = "com.xlsn0w.XLsn0wKit-swift";
				PRODUCT_NAME = "$(TARGET_NAME)";
				SWIFT_VERSION = 3.0;
			};
			name = Debug;
		};
		3536A97B1ED66BF200CD64F2 /* Release */ = {
			isa = XCBuildConfiguration;
			baseConfigurationReference = BCFEC8B19F498DE5C6EEC57C /* Pods-XLsn0wKit_swift.release.xcconfig */;
			buildSettings = {
				ASSETCATALOG_COMPILER_APPICON_NAME = AppIcon;
				INFOPLIST_FILE = XLsn0wKit_swift/Info.plist;
				IPHONEOS_DEPLOYMENT_TARGET = 8.0;
				LD_RUNPATH_SEARCH_PATHS = "$(inherited) @executable_path/Frameworks";
				PRODUCT_BUNDLE_IDENTIFIER = "com.xlsn0w.XLsn0wKit-swift";
				PRODUCT_NAME = "$(TARGET_NAME)";
				SWIFT_VERSION = 3.0;
			};
			name = Release;
		};
/* End XCBuildConfiguration section */

/* Begin XCConfigurationList section */
		3536A9621ED66BF200CD64F2 /* Build configuration list for PBXProject "XLsn0wKit_swift" */ = {
			isa = XCConfigurationList;
			buildConfigurations = (
				3536A9771ED66BF200CD64F2 /* Debug */,
				3536A9781ED66BF200CD64F2 /* Release */,
			);
			defaultConfigurationIsVisible = 0;
			defaultConfigurationName = Release;
		};
		3536A9791ED66BF200CD64F2 /* Build configuration list for PBXNativeTarget "XLsn0wKit_swift" */ = {
			isa = XCConfigurationList;
			buildConfigurations = (
				3536A97A1ED66BF200CD64F2 /* Debug */,
				3536A97B1ED66BF200CD64F2 /* Release */,
			);
			defaultConfigurationIsVisible = 0;
			defaultConfigurationName = Release;
		};
/* End XCConfigurationList section */
	};
	rootObject = 3536A95F1ED66BF200CD64F2 /* Project object */;
}
