// !$*UTF8*$!
{
	archiveVersion = 1;
	classes = {
	};
	objectVersion = 46;
	objects = {

/* Begin PBXBuildFile section */
		350C85F51EEA2A3000FED4AB /* XLsn0wRequest.swift in Sources */ = {isa = PBXBuildFile; fileRef = 350C85F41EEA2A3000FED4AB /* XLsn0wRequest.swift */; };
		350C85F81EEA2D9E00FED4AB /* XLsn0wPrivateMacro.swift in Sources */ = {isa = PBXBuildFile; fileRef = 350C85F71EEA2D9E00FED4AB /* XLsn0wPrivateMacro.swift */; };
		353578E51ED9055700B5B51F /* NSDate+Extension.swift in Sources */ = {isa = PBXBuildFile; fileRef = 353578E41ED9055700B5B51F /* NSDate+Extension.swift */; };
		353578EC1ED906CE00B5B51F /* UITableView+Extension.swift in Sources */ = {isa = PBXBuildFile; fileRef = 353578EA1ED906CE00B5B51F /* UITableView+Extension.swift */; };
		353578ED1ED906CE00B5B51F /* NSObject+Extension.swift in Sources */ = {isa = PBXBuildFile; fileRef = 353578EB1ED906CE00B5B51F /* NSObject+Extension.swift */; };
		358B39DD1ED68997000B410D /* AppDelegate.swift in Sources */ = {isa = PBXBuildFile; fileRef = 358B39DC1ED68997000B410D /* AppDelegate.swift */; };
		358B39DF1ED68997000B410D /* ViewController.swift in Sources */ = {isa = PBXBuildFile; fileRef = 358B39DE1ED68997000B410D /* ViewController.swift */; };
		358B39E21ED68997000B410D /* Main.storyboard in Resources */ = {isa = PBXBuildFile; fileRef = 358B39E01ED68997000B410D /* Main.storyboard */; };
		358B39E41ED68997000B410D /* Assets.xcassets in Resources */ = {isa = PBXBuildFile; fileRef = 358B39E31ED68997000B410D /* Assets.xcassets */; };
		358B39E71ED68997000B410D /* LaunchScreen.storyboard in Resources */ = {isa = PBXBuildFile; fileRef = 358B39E51ED68997000B410D /* LaunchScreen.storyboard */; };
		358B3A141ED6899E000B410D /* test.html in Resources */ = {isa = PBXBuildFile; fileRef = 358B39F11ED6899E000B410D /* test.html */; };
		358B3A151ED6899E000B410D /* XLsn0wWebViewController.swift in Sources */ = {isa = PBXBuildFile; fileRef = 358B39F21ED6899E000B410D /* XLsn0wWebViewController.swift */; };
		358B3A161ED6899E000B410D /* Array+Extension.swift in Sources */ = {isa = PBXBuildFile; fileRef = 358B39F41ED6899E000B410D /* Array+Extension.swift */; };
		358B3A171ED6899E000B410D /* FileManager+Extension.swift in Sources */ = {isa = PBXBuildFile; fileRef = 358B39F51ED6899E000B410D /* FileManager+Extension.swift */; };
		358B3A181ED6899E000B410D /* NotificationName+Extension.swift in Sources */ = {isa = PBXBuildFile; fileRef = 358B39F61ED6899E000B410D /* NotificationName+Extension.swift */; };
		358B3A191ED6899E000B410D /* String+Extension.swift in Sources */ = {isa = PBXBuildFile; fileRef = 358B39F71ED6899E000B410D /* String+Extension.swift */; };
		358B3A1A1ED6899E000B410D /* UIApplication+Extension.swift in Sources */ = {isa = PBXBuildFile; fileRef = 358B39F81ED6899E000B410D /* UIApplication+Extension.swift */; };
		358B3A1B1ED6899E000B410D /* UIBarButtonItem+Extension.swift in Sources */ = {isa = PBXBuildFile; fileRef = 358B39F91ED6899E000B410D /* UIBarButtonItem+Extension.swift */; };
		358B3A1C1ED6899E000B410D /* UIColor+Extension.swift in Sources */ = {isa = PBXBuildFile; fileRef = 358B39FA1ED6899E000B410D /* UIColor+Extension.swift */; };
		358B3A1F1ED6899E000B410D /* UIImage+Extension.swift in Sources */ = {isa = PBXBuildFile; fileRef = 358B39FD1ED6899E000B410D /* UIImage+Extension.swift */; };
		358B3A201ED6899E000B410D /* UISearchBar+Extension.swift in Sources */ = {isa = PBXBuildFile; fileRef = 358B39FE1ED6899E000B410D /* UISearchBar+Extension.swift */; };
		358B3A211ED6899E000B410D /* UIView+Extension.swift in Sources */ = {isa = PBXBuildFile; fileRef = 358B39FF1ED6899E000B410D /* UIView+Extension.swift */; };
		358B3A221ED6899E000B410D /* UIViewFrame+Extension.swift in Sources */ = {isa = PBXBuildFile; fileRef = 358B3A001ED6899E000B410D /* UIViewFrame+Extension.swift */; };
		358B3A231ED6899E000B410D /* UIWindow+Extension.swift in Sources */ = {isa = PBXBuildFile; fileRef = 358B3A011ED6899E000B410D /* UIWindow+Extension.swift */; };
		358B3A241ED6899E000B410D /* XLsn0wKit_swift.podspec in Resources */ = {isa = PBXBuildFile; fileRef = 358B3A021ED6899E000B410D /* XLsn0wKit_swift.podspec */; };
		358B3A251ED6899E000B410D /* XLsn0wLog.swift in Sources */ = {isa = PBXBuildFile; fileRef = 358B3A041ED6899E000B410D /* XLsn0wLog.swift */; };
		358B3A271ED6899E000B410D /* XLsn0wManager.swift in Sources */ = {isa = PBXBuildFile; fileRef = 358B3A081ED6899E000B410D /* XLsn0wManager.swift */; };
		358B3A291ED6899E000B410D /* XLsn0wNetworking.swift in Sources */ = {isa = PBXBuildFile; fileRef = 358B3A0B1ED6899E000B410D /* XLsn0wNetworking.swift */; };
		358B3A2A1ED6899E000B410D /* XLsn0wNetwork.swift in Sources */ = {isa = PBXBuildFile; fileRef = 358B3A0C1ED6899E000B410D /* XLsn0wNetwork.swift */; };
		358B3A2B1ED6899E000B410D /* ToastCenter.swift in Sources */ = {isa = PBXBuildFile; fileRef = 358B3A0E1ED6899E000B410D /* ToastCenter.swift */; };
		358B3A2C1ED6899E000B410D /* ToastView.swift in Sources */ = {isa = PBXBuildFile; fileRef = 358B3A0F1ED6899E000B410D /* ToastView.swift */; };
		358B3A2D1ED6899E000B410D /* ToastWindow.swift in Sources */ = {isa = PBXBuildFile; fileRef = 358B3A101ED6899E000B410D /* ToastWindow.swift */; };
		358B3A2E1ED6899E000B410D /* XLsn0wToast.swift in Sources */ = {isa = PBXBuildFile; fileRef = 358B3A111ED6899E000B410D /* XLsn0wToast.swift */; };
		358B3A2F1ED6899E000B410D /* XLsn0wViewController.swift in Sources */ = {isa = PBXBuildFile; fileRef = 358B3A131ED6899E000B410D /* XLsn0wViewController.swift */; };
		64B3BC233211ADAC7F856E51 /* Pods_XLsn0w.framework in Frameworks */ = {isa = PBXBuildFile; fileRef = 9C42A2FA322008B4E106CC06 /* Pods_XLsn0w.framework */; };
/* End PBXBuildFile section */

/* Begin PBXFileReference section */
		350C85F41EEA2A3000FED4AB /* XLsn0wRequest.swift */ = {isa = PBXFileReference; fileEncoding = 4; lastKnownFileType = sourcecode.swift; path = XLsn0wRequest.swift; sourceTree = "<group>"; };
		350C85F71EEA2D9E00FED4AB /* XLsn0wPrivateMacro.swift */ = {isa = PBXFileReference; fileEncoding = 4; lastKnownFileType = sourcecode.swift; path = XLsn0wPrivateMacro.swift; sourceTree = "<group>"; };
		353578E41ED9055700B5B51F /* NSDate+Extension.swift */ = {isa = PBXFileReference; fileEncoding = 4; lastKnownFileType = sourcecode.swift; path = "NSDate+Extension.swift"; sourceTree = "<group>"; };
		353578EA1ED906CE00B5B51F /* UITableView+Extension.swift */ = {isa = PBXFileReference; fileEncoding = 4; lastKnownFileType = sourcecode.swift; path = "UITableView+Extension.swift"; sourceTree = "<group>"; };
		353578EB1ED906CE00B5B51F /* NSObject+Extension.swift */ = {isa = PBXFileReference; fileEncoding = 4; lastKnownFileType = sourcecode.swift; path = "NSObject+Extension.swift"; sourceTree = "<group>"; };
		358B39D91ED68997000B410D /* XLsn0w.app */ = {isa = PBXFileReference; explicitFileType = wrapper.application; includeInIndex = 0; path = XLsn0w.app; sourceTree = BUILT_PRODUCTS_DIR; };
		358B39DC1ED68997000B410D /* AppDelegate.swift */ = {isa = PBXFileReference; lastKnownFileType = sourcecode.swift; path = AppDelegate.swift; sourceTree = "<group>"; };
		358B39DE1ED68997000B410D /* ViewController.swift */ = {isa = PBXFileReference; lastKnownFileType = sourcecode.swift; path = ViewController.swift; sourceTree = "<group>"; };
		358B39E11ED68997000B410D /* Base */ = {isa = PBXFileReference; lastKnownFileType = file.storyboard; name = Base; path = Base.lproj/Main.storyboard; sourceTree = "<group>"; };
		358B39E31ED68997000B410D /* Assets.xcassets */ = {isa = PBXFileReference; lastKnownFileType = folder.assetcatalog; path = Assets.xcassets; sourceTree = "<group>"; };
		358B39E61ED68997000B410D /* Base */ = {isa = PBXFileReference; lastKnownFileType = file.storyboard; name = Base; path = Base.lproj/LaunchScreen.storyboard; sourceTree = "<group>"; };
		358B39E81ED68997000B410D /* Info.plist */ = {isa = PBXFileReference; lastKnownFileType = text.plist.xml; path = Info.plist; sourceTree = "<group>"; };
		358B39F11ED6899E000B410D /* test.html */ = {isa = PBXFileReference; fileEncoding = 4; lastKnownFileType = text.html; path = test.html; sourceTree = "<group>"; };
		358B39F21ED6899E000B410D /* XLsn0wWebViewController.swift */ = {isa = PBXFileReference; fileEncoding = 4; lastKnownFileType = sourcecode.swift; path = XLsn0wWebViewController.swift; sourceTree = "<group>"; };
		358B39F41ED6899E000B410D /* Array+Extension.swift */ = {isa = PBXFileReference; fileEncoding = 4; lastKnownFileType = sourcecode.swift; path = "Array+Extension.swift"; sourceTree = "<group>"; };
		358B39F51ED6899E000B410D /* FileManager+Extension.swift */ = {isa = PBXFileReference; fileEncoding = 4; lastKnownFileType = sourcecode.swift; path = "FileManager+Extension.swift"; sourceTree = "<group>"; };
		358B39F61ED6899E000B410D /* NotificationName+Extension.swift */ = {isa = PBXFileReference; fileEncoding = 4; lastKnownFileType = sourcecode.swift; path = "NotificationName+Extension.swift"; sourceTree = "<group>"; };
		358B39F71ED6899E000B410D /* String+Extension.swift */ = {isa = PBXFileReference; fileEncoding = 4; lastKnownFileType = sourcecode.swift; path = "String+Extension.swift"; sourceTree = "<group>"; };
		358B39F81ED6899E000B410D /* UIApplication+Extension.swift */ = {isa = PBXFileReference; fileEncoding = 4; lastKnownFileType = sourcecode.swift; path = "UIApplication+Extension.swift"; sourceTree = "<group>"; };
		358B39F91ED6899E000B410D /* UIBarButtonItem+Extension.swift */ = {isa = PBXFileReference; fileEncoding = 4; lastKnownFileType = sourcecode.swift; path = "UIBarButtonItem+Extension.swift"; sourceTree = "<group>"; };
		358B39FA1ED6899E000B410D /* UIColor+Extension.swift */ = {isa = PBXFileReference; fileEncoding = 4; lastKnownFileType = sourcecode.swift; path = "UIColor+Extension.swift"; sourceTree = "<group>"; };
		358B39FD1ED6899E000B410D /* UIImage+Extension.swift */ = {isa = PBXFileReference; fileEncoding = 4; lastKnownFileType = sourcecode.swift; path = "UIImage+Extension.swift"; sourceTree = "<group>"; };
		358B39FE1ED6899E000B410D /* UISearchBar+Extension.swift */ = {isa = PBXFileReference; fileEncoding = 4; lastKnownFileType = sourcecode.swift; path = "UISearchBar+Extension.swift"; sourceTree = "<group>"; };
		358B39FF1ED6899E000B410D /* UIView+Extension.swift */ = {isa = PBXFileReference; fileEncoding = 4; lastKnownFileType = sourcecode.swift; path = "UIView+Extension.swift"; sourceTree = "<group>"; };
		358B3A001ED6899E000B410D /* UIViewFrame+Extension.swift */ = {isa = PBXFileReference; fileEncoding = 4; lastKnownFileType = sourcecode.swift; path = "UIViewFrame+Extension.swift"; sourceTree = "<group>"; };
		358B3A011ED6899E000B410D /* UIWindow+Extension.swift */ = {isa = PBXFileReference; fileEncoding = 4; lastKnownFileType = sourcecode.swift; path = "UIWindow+Extension.swift"; sourceTree = "<group>"; };
		358B3A021ED6899E000B410D /* XLsn0wKit_swift.podspec */ = {isa = PBXFileReference; fileEncoding = 4; lastKnownFileType = text; path = XLsn0wKit_swift.podspec; sourceTree = "<group>"; };
		358B3A041ED6899E000B410D /* XLsn0wLog.swift */ = {isa = PBXFileReference; fileEncoding = 4; lastKnownFileType = sourcecode.swift; path = XLsn0wLog.swift; sourceTree = "<group>"; };
		358B3A081ED6899E000B410D /* XLsn0wManager.swift */ = {isa = PBXFileReference; fileEncoding = 4; lastKnownFileType = sourcecode.swift; path = XLsn0wManager.swift; sourceTree = "<group>"; };
		358B3A0B1ED6899E000B410D /* XLsn0wNetworking.swift */ = {isa = PBXFileReference; fileEncoding = 4; lastKnownFileType = sourcecode.swift; path = XLsn0wNetworking.swift; sourceTree = "<group>"; };
		358B3A0C1ED6899E000B410D /* XLsn0wNetwork.swift */ = {isa = PBXFileReference; fileEncoding = 4; lastKnownFileType = sourcecode.swift; path = XLsn0wNetwork.swift; sourceTree = "<group>"; };
		358B3A0E1ED6899E000B410D /* ToastCenter.swift */ = {isa = PBXFileReference; fileEncoding = 4; lastKnownFileType = sourcecode.swift; path = ToastCenter.swift; sourceTree = "<group>"; };
		358B3A0F1ED6899E000B410D /* ToastView.swift */ = {isa = PBXFileReference; fileEncoding = 4; lastKnownFileType = sourcecode.swift; path = ToastView.swift; sourceTree = "<group>"; };
		358B3A101ED6899E000B410D /* ToastWindow.swift */ = {isa = PBXFileReference; fileEncoding = 4; lastKnownFileType = sourcecode.swift; path = ToastWindow.swift; sourceTree = "<group>"; };
		358B3A111ED6899E000B410D /* XLsn0wToast.swift */ = {isa = PBXFileReference; fileEncoding = 4; lastKnownFileType = sourcecode.swift; path = XLsn0wToast.swift; sourceTree = "<group>"; };
		358B3A131ED6899E000B410D /* XLsn0wViewController.swift */ = {isa = PBXFileReference; fileEncoding = 4; lastKnownFileType = sourcecode.swift; path = XLsn0wViewController.swift; sourceTree = "<group>"; };
		6B1D864C79F99A9A2DD314BE /* Pods-XLsn0w.debug.xcconfig */ = {isa = PBXFileReference; includeInIndex = 1; lastKnownFileType = text.xcconfig; name = "Pods-XLsn0w.debug.xcconfig"; path = "Pods/Target Support Files/Pods-XLsn0w/Pods-XLsn0w.debug.xcconfig"; sourceTree = "<group>"; };
		9C42A2FA322008B4E106CC06 /* Pods_XLsn0w.framework */ = {isa = PBXFileReference; explicitFileType = wrapper.framework; includeInIndex = 0; path = Pods_XLsn0w.framework; sourceTree = BUILT_PRODUCTS_DIR; };
		FB96EA65AF7BAD2349F75E28 /* Pods-XLsn0w.release.xcconfig */ = {isa = PBXFileReference; includeInIndex = 1; lastKnownFileType = text.xcconfig; name = "Pods-XLsn0w.release.xcconfig"; path = "Pods/Target Support Files/Pods-XLsn0w/Pods-XLsn0w.release.xcconfig"; sourceTree = "<group>"; };
/* End PBXFileReference section */

/* Begin PBXFrameworksBuildPhase section */
		358B39D61ED68997000B410D /* Frameworks */ = {
			isa = PBXFrameworksBuildPhase;
			buildActionMask = 2147483647;
			files = (
				64B3BC233211ADAC7F856E51 /* Pods_XLsn0w.framework in Frameworks */,
			);
			runOnlyForDeploymentPostprocessing = 0;
		};
/* End PBXFrameworksBuildPhase section */

/* Begin PBXGroup section */
		350C85F61EEA2D9E00FED4AB /* XLsn0wPrivateMacro */ = {
			isa = PBXGroup;
			children = (
				350C85F71EEA2D9E00FED4AB /* XLsn0wPrivateMacro.swift */,
			);
			path = XLsn0wPrivateMacro;
			sourceTree = "<group>";
		};
		358B39D01ED68997000B410D = {
			isa = PBXGroup;
			children = (
				358B39EE1ED6899E000B410D /* XLsn0wKit */,
				358B39DB1ED68997000B410D /* XLsn0w */,
				358B39DA1ED68997000B410D /* Products */,
				E21DCC938A17D485D463E074 /* Pods */,
				B892A61EA506B033A83B8E8C /* Frameworks */,
			);
			sourceTree = "<group>";
		};
		358B39DA1ED68997000B410D /* Products */ = {
			isa = PBXGroup;
			children = (
				358B39D91ED68997000B410D /* XLsn0w.app */,
			);
			name = Products;
			sourceTree = "<group>";
		};
		358B39DB1ED68997000B410D /* XLsn0w */ = {
			isa = PBXGroup;
			children = (
				358B39DC1ED68997000B410D /* AppDelegate.swift */,
				358B39DE1ED68997000B410D /* ViewController.swift */,
				358B39E01ED68997000B410D /* Main.storyboard */,
				358B39E31ED68997000B410D /* Assets.xcassets */,
				358B39E51ED68997000B410D /* LaunchScreen.storyboard */,
				358B39E81ED68997000B410D /* Info.plist */,
			);
			path = XLsn0w;
			sourceTree = "<group>";
		};
		358B39EE1ED6899E000B410D /* XLsn0wKit */ = {
			isa = PBXGroup;
			children = (
				358B3A021ED6899E000B410D /* XLsn0wKit_swift.podspec */,
				350C85F61EEA2D9E00FED4AB /* XLsn0wPrivateMacro */,
				358B39EF1ED6899E000B410D /* Component */,
				358B39F31ED6899E000B410D /* Extension */,
				358B3A031ED6899E000B410D /* XLsn0wLog */,
				358B3A071ED6899E000B410D /* XLsn0wManager */,
				358B3A091ED6899E000B410D /* XLsn0wNetwork */,
				358B3A0D1ED6899E000B410D /* XLsn0wToast */,
				358B3A121ED6899E000B410D /* XLsn0wViewController */,
			);
			path = XLsn0wKit;
			sourceTree = "<group>";
		};
		358B39EF1ED6899E000B410D /* Component */ = {
			isa = PBXGroup;
			children = (
				358B39F01ED6899E000B410D /* WebViewController */,
			);
			path = Component;
			sourceTree = "<group>";
		};
		358B39F01ED6899E000B410D /* WebViewController */ = {
			isa = PBXGroup;
			children = (
				358B39F11ED6899E000B410D /* test.html */,
				358B39F21ED6899E000B410D /* XLsn0wWebViewController.swift */,
			);
			path = WebViewController;
			sourceTree = "<group>";
		};
		358B39F31ED6899E000B410D /* Extension */ = {
			isa = PBXGroup;
			children = (
				353578EA1ED906CE00B5B51F /* UITableView+Extension.swift */,
				353578EB1ED906CE00B5B51F /* NSObject+Extension.swift */,
				353578E41ED9055700B5B51F /* NSDate+Extension.swift */,
				358B39F41ED6899E000B410D /* Array+Extension.swift */,
				358B39F51ED6899E000B410D /* FileManager+Extension.swift */,
				358B39F61ED6899E000B410D /* NotificationName+Extension.swift */,
				358B39F71ED6899E000B410D /* String+Extension.swift */,
				358B39F81ED6899E000B410D /* UIApplication+Extension.swift */,
				358B39F91ED6899E000B410D /* UIBarButtonItem+Extension.swift */,
				358B39FA1ED6899E000B410D /* UIColor+Extension.swift */,
				358B39FD1ED6899E000B410D /* UIImage+Extension.swift */,
				358B39FE1ED6899E000B410D /* UISearchBar+Extension.swift */,
				358B39FF1ED6899E000B410D /* UIView+Extension.swift */,
				358B3A001ED6899E000B410D /* UIViewFrame+Extension.swift */,
				358B3A011ED6899E000B410D /* UIWindow+Extension.swift */,
			);
			path = Extension;
			sourceTree = "<group>";
		};
		358B3A031ED6899E000B410D /* XLsn0wLog */ = {
			isa = PBXGroup;
			children = (
				358B3A041ED6899E000B410D /* XLsn0wLog.swift */,
			);
			path = XLsn0wLog;
			sourceTree = "<group>";
		};
		358B3A071ED6899E000B410D /* XLsn0wManager */ = {
			isa = PBXGroup;
			children = (
				358B3A081ED6899E000B410D /* XLsn0wManager.swift */,
			);
			path = XLsn0wManager;
			sourceTree = "<group>";
		};
		358B3A091ED6899E000B410D /* XLsn0wNetwork */ = {
			isa = PBXGroup;
			children = (
				358B3A0B1ED6899E000B410D /* XLsn0wNetworking.swift */,
				350C85F41EEA2A3000FED4AB /* XLsn0wRequest.swift */,
				358B3A0C1ED6899E000B410D /* XLsn0wNetwork.swift */,
			);
			path = XLsn0wNetwork;
			sourceTree = "<group>";
		};
		358B3A0D1ED6899E000B410D /* XLsn0wToast */ = {
			isa = PBXGroup;
			children = (
				358B3A111ED6899E000B410D /* XLsn0wToast.swift */,
				358B3A0E1ED6899E000B410D /* ToastCenter.swift */,
				358B3A0F1ED6899E000B410D /* ToastView.swift */,
				358B3A101ED6899E000B410D /* ToastWindow.swift */,
			);
			path = XLsn0wToast;
			sourceTree = "<group>";
		};
		358B3A121ED6899E000B410D /* XLsn0wViewController */ = {
			isa = PBXGroup;
			children = (
				358B3A131ED6899E000B410D /* XLsn0wViewController.swift */,
			);
			path = XLsn0wViewController;
			sourceTree = "<group>";
		};
		B892A61EA506B033A83B8E8C /* Frameworks */ = {
			isa = PBXGroup;
			children = (
				9C42A2FA322008B4E106CC06 /* Pods_XLsn0w.framework */,
			);
			name = Frameworks;
			sourceTree = "<group>";
		};
		E21DCC938A17D485D463E074 /* Pods */ = {
			isa = PBXGroup;
			children = (
				6B1D864C79F99A9A2DD314BE /* Pods-XLsn0w.debug.xcconfig */,
				FB96EA65AF7BAD2349F75E28 /* Pods-XLsn0w.release.xcconfig */,
			);
			name = Pods;
			sourceTree = "<group>";
		};
/* End PBXGroup section */

/* Begin PBXNativeTarget section */
		358B39D81ED68997000B410D /* XLsn0w */ = {
			isa = PBXNativeTarget;
			buildConfigurationList = 358B39EB1ED68997000B410D /* Build configuration list for PBXNativeTarget "XLsn0w" */;
			buildPhases = (
				7ED73E26C1898BD96DD4DC2D /* [CP] Check Pods Manifest.lock */,
				358B39D51ED68997000B410D /* Sources */,
				358B39D61ED68997000B410D /* Frameworks */,
				358B39D71ED68997000B410D /* Resources */,
				2E3367B0FB46A4DE5484845A /* [CP] Embed Pods Frameworks */,
				AF4F798E91AA02ED20F9AF54 /* [CP] Copy Pods Resources */,
			);
			buildRules = (
			);
			dependencies = (
			);
			name = XLsn0w;
			productName = XLsn0w;
			productReference = 358B39D91ED68997000B410D /* XLsn0w.app */;
			productType = "com.apple.product-type.application";
		};
/* End PBXNativeTarget section */

/* Begin PBXProject section */
		358B39D11ED68997000B410D /* Project object */ = {
			isa = PBXProject;
			attributes = {
				LastSwiftUpdateCheck = 0830;
				LastUpgradeCheck = 0830;
				ORGANIZATIONNAME = XLsn0w;
				TargetAttributes = {
					358B39D81ED68997000B410D = {
						CreatedOnToolsVersion = 8.3.2;
						ProvisioningStyle = Automatic;
					};
				};
			};
			buildConfigurationList = 358B39D41ED68997000B410D /* Build configuration list for PBXProject "XLsn0w" */;
			compatibilityVersion = "Xcode 3.2";
			developmentRegion = English;
			hasScannedForEncodings = 0;
			knownRegions = (
				en,
				Base,
			);
			mainGroup = 358B39D01ED68997000B410D;
			productRefGroup = 358B39DA1ED68997000B410D /* Products */;
			projectDirPath = "";
			projectRoot = "";
			targets = (
				358B39D81ED68997000B410D /* XLsn0w */,
			);
		};
/* End PBXProject section */

/* Begin PBXResourcesBuildPhase section */
		358B39D71ED68997000B410D /* Resources */ = {
			isa = PBXResourcesBuildPhase;
			buildActionMask = 2147483647;
			files = (
				358B3A141ED6899E000B410D /* test.html in Resources */,
				358B39E71ED68997000B410D /* LaunchScreen.storyboard in Resources */,
				358B39E41ED68997000B410D /* Assets.xcassets in Resources */,
				358B3A241ED6899E000B410D /* XLsn0wKit_swift.podspec in Resources */,
				358B39E21ED68997000B410D /* Main.storyboard in Resources */,
			);
			runOnlyForDeploymentPostprocessing = 0;
		};
/* End PBXResourcesBuildPhase section */

/* Begin PBXShellScriptBuildPhase section */
		2E3367B0FB46A4DE5484845A /* [CP] Embed Pods Frameworks */ = {
			isa = PBXShellScriptBuildPhase;
			buildActionMask = 2147483647;
			files = (
			);
			inputPaths = (
			);
			name = "[CP] Embed Pods Frameworks";
			outputPaths = (
			);
			runOnlyForDeploymentPostprocessing = 0;
			shellPath = /bin/sh;
			shellScript = "\"${SRCROOT}/Pods/Target Support Files/Pods-XLsn0w/Pods-XLsn0w-frameworks.sh\"\n";
			showEnvVarsInLog = 0;
		};
		7ED73E26C1898BD96DD4DC2D /* [CP] Check Pods Manifest.lock */ = {
			isa = PBXShellScriptBuildPhase;
			buildActionMask = 2147483647;
			files = (
			);
			inputPaths = (
			);
			name = "[CP] Check Pods Manifest.lock";
			outputPaths = (
			);
			runOnlyForDeploymentPostprocessing = 0;
			shellPath = /bin/sh;
			shellScript = "diff \"${PODS_ROOT}/../Podfile.lock\" \"${PODS_ROOT}/Manifest.lock\" > /dev/null\nif [ $? != 0 ] ; then\n    # print error to STDERR\n    echo \"error: The sandbox is not in sync with the Podfile.lock. Run 'pod install' or update your CocoaPods installation.\" >&2\n    exit 1\nfi\n";
			showEnvVarsInLog = 0;
		};
		AF4F798E91AA02ED20F9AF54 /* [CP] Copy Pods Resources */ = {
			isa = PBXShellScriptBuildPhase;
			buildActionMask = 2147483647;
			files = (
			);
			inputPaths = (
			);
			name = "[CP] Copy Pods Resources";
			outputPaths = (
			);
			runOnlyForDeploymentPostprocessing = 0;
			shellPath = /bin/sh;
			shellScript = "\"${SRCROOT}/Pods/Target Support Files/Pods-XLsn0w/Pods-XLsn0w-resources.sh\"\n";
			showEnvVarsInLog = 0;
		};
/* End PBXShellScriptBuildPhase section */

/* Begin PBXSourcesBuildPhase section */
		358B39D51ED68997000B410D /* Sources */ = {
			isa = PBXSourcesBuildPhase;
			buildActionMask = 2147483647;
			files = (
				353578ED1ED906CE00B5B51F /* NSObject+Extension.swift in Sources */,
				358B3A2F1ED6899E000B410D /* XLsn0wViewController.swift in Sources */,
				358B3A211ED6899E000B410D /* UIView+Extension.swift in Sources */,
				358B3A151ED6899E000B410D /* XLsn0wWebViewController.swift in Sources */,
				353578E51ED9055700B5B51F /* NSDate+Extension.swift in Sources */,
				358B3A2D1ED6899E000B410D /* ToastWindow.swift in Sources */,
				350C85F51EEA2A3000FED4AB /* XLsn0wRequest.swift in Sources */,
				358B3A221ED6899E000B410D /* UIViewFrame+Extension.swift in Sources */,
				358B3A2E1ED6899E000B410D /* XLsn0wToast.swift in Sources */,
				358B3A231ED6899E000B410D /* UIWindow+Extension.swift in Sources */,
				358B3A191ED6899E000B410D /* String+Extension.swift in Sources */,
				358B3A291ED6899E000B410D /* XLsn0wNetworking.swift in Sources */,
				358B3A1A1ED6899E000B410D /* UIApplication+Extension.swift in Sources */,
				358B3A171ED6899E000B410D /* FileManager+Extension.swift in Sources */,
				358B3A181ED6899E000B410D /* NotificationName+Extension.swift in Sources */,
				358B39DF1ED68997000B410D /* ViewController.swift in Sources */,
				358B39DD1ED68997000B410D /* AppDelegate.swift in Sources */,
				358B3A251ED6899E000B410D /* XLsn0wLog.swift in Sources */,
				358B3A2A1ED6899E000B410D /* XLsn0wNetwork.swift in Sources */,
				358B3A2C1ED6899E000B410D /* ToastView.swift in Sources */,
				358B3A1B1ED6899E000B410D /* UIBarButtonItem+Extension.swift in Sources */,
				358B3A161ED6899E000B410D /* Array+Extension.swift in Sources */,
				350C85F81EEA2D9E00FED4AB /* XLsn0wPrivateMacro.swift in Sources */,
				358B3A2B1ED6899E000B410D /* ToastCenter.swift in Sources */,
				358B3A1C1ED6899E000B410D /* UIColor+Extension.swift in Sources */,
				353578EC1ED906CE00B5B51F /* UITableView+Extension.swift in Sources */,
				358B3A1F1ED6899E000B410D /* UIImage+Extension.swift in Sources */,
				358B3A271ED6899E000B410D /* XLsn0wManager.swift in Sources */,
				358B3A201ED6899E000B410D /* UISearchBar+Extension.swift in Sources */,
			);
			runOnlyForDeploymentPostprocessing = 0;
		};
/* End PBXSourcesBuildPhase section */

/* Begin PBXVariantGroup section */
		358B39E01ED68997000B410D /* Main.storyboard */ = {
			isa = PBXVariantGroup;
			children = (
				358B39E11ED68997000B410D /* Base */,
			);
			name = Main.storyboard;
			sourceTree = "<group>";
		};
		358B39E51ED68997000B410D /* LaunchScreen.storyboard */ = {
			isa = PBXVariantGroup;
			children = (
				358B39E61ED68997000B410D /* Base */,
			);
			name = LaunchScreen.storyboard;
			sourceTree = "<group>";
		};
/* End PBXVariantGroup section */

/* Begin XCBuildConfiguration section */
		358B39E91ED68997000B410D /* Debug */ = {
			isa = XCBuildConfiguration;
			buildSettings = {
				ALWAYS_SEARCH_USER_PATHS = NO;
				CLANG_ANALYZER_NONNULL = YES;
				CLANG_ANALYZER_NUMBER_OBJECT_CONVERSION = YES_AGGRESSIVE;
				CLANG_CXX_LANGUAGE_STANDARD = "gnu++0x";
				CLANG_CXX_LIBRARY = "libc++";
				CLANG_ENABLE_MODULES = YES;
				CLANG_ENABLE_OBJC_ARC = YES;
				CLANG_WARN_BOOL_CONVERSION = YES;
				CLANG_WARN_CONSTANT_CONVERSION = YES;
				CLANG_WARN_DIRECT_OBJC_ISA_USAGE = YES_ERROR;
				CLANG_WARN_DOCUMENTATION_COMMENTS = YES;
				CLANG_WARN_EMPTY_BODY = YES;
				CLANG_WARN_ENUM_CONVERSION = YES;
				CLANG_WARN_INFINITE_RECURSION = YES;
				CLANG_WARN_INT_CONVERSION = YES;
				CLANG_WARN_OBJC_ROOT_CLASS = YES_ERROR;
				CLANG_WARN_SUSPICIOUS_MOVE = YES;
				CLANG_WARN_UNREACHABLE_CODE = YES;
				CLANG_WARN__DUPLICATE_METHOD_MATCH = YES;
				"CODE_SIGN_IDENTITY[sdk=iphoneos*]" = "iPhone Developer";
				COPY_PHASE_STRIP = NO;
				DEBUG_INFORMATION_FORMAT = dwarf;
				ENABLE_STRICT_OBJC_MSGSEND = YES;
				ENABLE_TESTABILITY = YES;
				GCC_C_LANGUAGE_STANDARD = gnu99;
				GCC_DYNAMIC_NO_PIC = NO;
				GCC_NO_COMMON_BLOCKS = YES;
				GCC_OPTIMIZATION_LEVEL = 0;
				GCC_PREPROCESSOR_DEFINITIONS = (
					"DEBUG=1",
					"$(inherited)",
				);
				GCC_WARN_64_TO_32_BIT_CONVERSION = YES;
				GCC_WARN_ABOUT_RETURN_TYPE = YES_ERROR;
				GCC_WARN_UNDECLARED_SELECTOR = YES;
				GCC_WARN_UNINITIALIZED_AUTOS = YES_AGGRESSIVE;
				GCC_WARN_UNUSED_FUNCTION = YES;
				GCC_WARN_UNUSED_VARIABLE = YES;
				IPHONEOS_DEPLOYMENT_TARGET = 10.3;
				MTL_ENABLE_DEBUG_INFO = YES;
				ONLY_ACTIVE_ARCH = YES;
				SDKROOT = iphoneos;
				SWIFT_ACTIVE_COMPILATION_CONDITIONS = DEBUG;
				SWIFT_OPTIMIZATION_LEVEL = "-Onone";
			};
			name = Debug;
		};
		358B39EA1ED68997000B410D /* Release */ = {
			isa = XCBuildConfiguration;
			buildSettings = {
				ALWAYS_SEARCH_USER_PATHS = NO;
				CLANG_ANALYZER_NONNULL = YES;
				CLANG_ANALYZER_NUMBER_OBJECT_CONVERSION = YES_AGGRESSIVE;
				CLANG_CXX_LANGUAGE_STANDARD = "gnu++0x";
				CLANG_CXX_LIBRARY = "libc++";
				CLANG_ENABLE_MODULES = YES;
				CLANG_ENABLE_OBJC_ARC = YES;
				CLANG_WARN_BOOL_CONVERSION = YES;
				CLANG_WARN_CONSTANT_CONVERSION = YES;
				CLANG_WARN_DIRECT_OBJC_ISA_USAGE = YES_ERROR;
				CLANG_WARN_DOCUMENTATION_COMMENTS = YES;
				CLANG_WARN_EMPTY_BODY = YES;
				CLANG_WARN_ENUM_CONVERSION = YES;
				CLANG_WARN_INFINITE_RECURSION = YES;
				CLANG_WARN_INT_CONVERSION = YES;
				CLANG_WARN_OBJC_ROOT_CLASS = YES_ERROR;
				CLANG_WARN_SUSPICIOUS_MOVE = YES;
				CLANG_WARN_UNREACHABLE_CODE = YES;
				CLANG_WARN__DUPLICATE_METHOD_MATCH = YES;
				"CODE_SIGN_IDENTITY[sdk=iphoneos*]" = "iPhone Developer";
				COPY_PHASE_STRIP = NO;
				DEBUG_INFORMATION_FORMAT = "dwarf-with-dsym";
				ENABLE_NS_ASSERTIONS = NO;
				ENABLE_STRICT_OBJC_MSGSEND = YES;
				GCC_C_LANGUAGE_STANDARD = gnu99;
				GCC_NO_COMMON_BLOCKS = YES;
				GCC_WARN_64_TO_32_BIT_CONVERSION = YES;
				GCC_WARN_ABOUT_RETURN_TYPE = YES_ERROR;
				GCC_WARN_UNDECLARED_SELECTOR = YES;
				GCC_WARN_UNINITIALIZED_AUTOS = YES_AGGRESSIVE;
				GCC_WARN_UNUSED_FUNCTION = YES;
				GCC_WARN_UNUSED_VARIABLE = YES;
				IPHONEOS_DEPLOYMENT_TARGET = 10.3;
				MTL_ENABLE_DEBUG_INFO = NO;
				SDKROOT = iphoneos;
				SWIFT_OPTIMIZATION_LEVEL = "-Owholemodule";
				VALIDATE_PRODUCT = YES;
			};
			name = Release;
		};
		358B39EC1ED68997000B410D /* Debug */ = {
			isa = XCBuildConfiguration;
			baseConfigurationReference = 6B1D864C79F99A9A2DD314BE /* Pods-XLsn0w.debug.xcconfig */;
			buildSettings = {
				ASSETCATALOG_COMPILER_APPICON_NAME = AppIcon;
				INFOPLIST_FILE = XLsn0w/Info.plist;
				LD_RUNPATH_SEARCH_PATHS = "$(inherited) @executable_path/Frameworks";
				PRODUCT_BUNDLE_IDENTIFIER = com.xlsn0w.XLsn0w;
				PRODUCT_NAME = "$(TARGET_NAME)";
				SWIFT_VERSION = 3.0;
			};
			name = Debug;
		};
		358B39ED1ED68997000B410D /* Release */ = {
			isa = XCBuildConfiguration;
			baseConfigurationReference = FB96EA65AF7BAD2349F75E28 /* Pods-XLsn0w.release.xcconfig */;
			buildSettings = {
				ASSETCATALOG_COMPILER_APPICON_NAME = AppIcon;
				INFOPLIST_FILE = XLsn0w/Info.plist;
				LD_RUNPATH_SEARCH_PATHS = "$(inherited) @executable_path/Frameworks";
				PRODUCT_BUNDLE_IDENTIFIER = com.xlsn0w.XLsn0w;
				PRODUCT_NAME = "$(TARGET_NAME)";
				SWIFT_VERSION = 3.0;
			};
			name = Release;
		};
/* End XCBuildConfiguration section */

/* Begin XCConfigurationList section */
		358B39D41ED68997000B410D /* Build configuration list for PBXProject "XLsn0w" */ = {
			isa = XCConfigurationList;
			buildConfigurations = (
				358B39E91ED68997000B410D /* Debug */,
				358B39EA1ED68997000B410D /* Release */,
			);
			defaultConfigurationIsVisible = 0;
			defaultConfigurationName = Release;
		};
		358B39EB1ED68997000B410D /* Build configuration list for PBXNativeTarget "XLsn0w" */ = {
			isa = XCConfigurationList;
			buildConfigurations = (
				358B39EC1ED68997000B410D /* Debug */,
				358B39ED1ED68997000B410D /* Release */,
			);
			defaultConfigurationIsVisible = 0;
			defaultConfigurationName = Release;
		};
/* End XCConfigurationList section */
	};
	rootObject = 358B39D11ED68997000B410D /* Project object */;
}
